
Microsoft Visual Studio Solution File, Format Version 11.00
# Visual Studio 2010
Project("{8BC9CEB8-8B4A-11D0-8D11-00A0C91BC942}") = "PCRPlayer", "PCRPlayer\PCRPlayer.vcxproj", "{5718B82A-0B3E-432F-9F29-B20688D2A754}"
EndProject
Project("{8BC9CEB8-8B4A-11D0-8D11-00A0C91BC942}") = "strmbase", "external\baseclasses\strmbase.vcxproj", "{B2C3D4E5-F6A7-48B9-C0D1-E2F3A4B5C6D7}"
EndProject
Global
	GlobalSection(SolutionConfigurationPlatforms) = preSolution
		Debug|Win32 = Debug|Win32
		Debug|x64 = Debug|x64
		Release|Win32 = Release|Win32
		Release|x64 = Release|x64
	EndGlobalSection
	GlobalSection(ProjectConfigurationPlatforms) = postSolution
		{5718B82A-0B3E-432F-9F29-B20688D2A754}.Debug|Win32.ActiveCfg = Debug|Win32
		{5718B82A-0B3E-432F-9F29-B20688D2A754}.Debug|Win32.Build.0 = Debug|Win32
		{5718B82A-0B3E-432F-9F29-B20688D2A754}.Debug|x64.ActiveCfg = Debug|x64
		{5718B82A-0B3E-432F-9F29-B20688D2A754}.Debug|x64.Build.0 = Debug|x64
		{5718B82A-0B3E-432F-9F29-B20688D2A754}.Release|Win32.ActiveCfg = Release|Win32
		{5718B82A-0B3E-432F-9F29-B20688D2A754}.Release|Win32.Build.0 = Release|Win32
		{5718B82A-0B3E-432F-9F29-B20688D2A754}.Release|x64.ActiveCfg = Release|x64
		{5718B82A-0B3E-432F-9F29-B20688D2A754}.Release|x64.Build.0 = Release|x64
		{B2C3D4E5-F6A7-48B9-C0D1-E2F3A4B5C6D7}.Debug|Win32.ActiveCfg = Debug|Win32
		{B2C3D4E5-F6A7-48B9-C0D1-E2F3A4B5C6D7}.Debug|Win32.Build.0 = Debug|Win32
		{B2C3D4E5-F6A7-48B9-C0D1-E2F3A4B5C6D7}.Debug|x64.ActiveCfg = Debug|x64
		{B2C3D4E5-F6A7-48B9-C0D1-E2F3A4B5C6D7}.Debug|x64.Build.0 = Debug|x64
		{B2C3D4E5-F6A7-48B9-C0D1-E2F3A4B5C6D7}.Release|Win32.ActiveCfg = Release|Win32
		{B2C3D4E5-F6A7-48B9-C0D1-E2F3A4B5C6D7}.Release|Win32.Build.0 = Release|Win32
		{B2C3D4E5-F6A7-48B9-C0D1-E2F3A4B5C6D7}.Release|x64.ActiveCfg = Release|x64
		{B2C3D4E5-F6A7-48B9-C0D1-E2F3A4B5C6D7}.Release|x64.Build.0 = Release|x64
	EndGlobalSection
	GlobalSection(SolutionProperties) = preSolution
		HideSolutionNode = FALSE
	EndGlobalSection
EndGlobal
